// !$*UTF8*$!
{
	archiveVersion = 1;
	classes = {
	};
	objectVersion = 56;
	objects = {

/* Begin PBXBuildFile section */
		D090CD11295609CD00B70DC7 /* ChrisMom_Chris_ChildApp.swift in Sources */ = {isa = PBXBuildFile; fileRef = D090CD10295609CD00B70DC7 /* ChrisMom_Chris_ChildApp.swift */; };
		D090CD13295609CD00B70DC7 /* ContentView.swift in Sources */ = {isa = PBXBuildFile; fileRef = D090CD12295609CD00B70DC7 /* ContentView.swift */; };
		D090CD15295609CE00B70DC7 /* Assets.xcassets in Resources */ = {isa = PBXBuildFile; fileRef = D090CD14295609CE00B70DC7 /* Assets.xcassets */; };
		D090CD18295609CE00B70DC7 /* Preview Assets.xcassets in Resources */ = {isa = PBXBuildFile; fileRef = D090CD17295609CE00B70DC7 /* Preview Assets.xcassets */; };
		D090CD1A295609CE00B70DC7 /* Persistence.swift in Sources */ = {isa = PBXBuildFile; fileRef = D090CD19295609CE00B70DC7 /* Persistence.swift */; };
		D090CD1D295609CE00B70DC7 /* ChrisMom_Chris_Child.xcdatamodeld in Sources */ = {isa = PBXBuildFile; fileRef = D090CD1B295609CE00B70DC7 /* ChrisMom_Chris_Child.xcdatamodeld */; };
/* End PBXBuildFile section */

/* Begin PBXFileReference section */
		D090CD0D295609CD00B70DC7 /* ChrisMom-Chris Child.app */ = {isa = PBXFileReference; explicitFileType = wrapper.application; includeInIndex = 0; path = "ChrisMom-Chris Child.app"; sourceTree = BUILT_PRODUCTS_DIR; };
		D090CD10295609CD00B70DC7 /* ChrisMom_Chris_ChildApp.swift */ = {isa = PBXFileReference; lastKnownFileType = sourcecode.swift; path = ChrisMom_Chris_ChildApp.swift; sourceTree = "<group>"; };
		D090CD12295609CD00B70DC7 /* ContentView.swift */ = {isa = PBXFileReference; lastKnownFileType = sourcecode.swift; path = ContentView.swift; sourceTree = "<group>"; };
		D090CD14295609CE00B70DC7 /* Assets.xcassets */ = {isa = PBXFileReference; lastKnownFileType = folder.assetcatalog; path = Assets.xcassets; sourceTree = "<group>"; };
		D090CD17295609CE00B70DC7 /* Preview Assets.xcassets */ = {isa = PBXFileReference; lastKnownFileType = folder.assetcatalog; path = "Preview Assets.xcassets"; sourceTree = "<group>"; };
		D090CD19295609CE00B70DC7 /* Persistence.swift */ = {isa = PBXFileReference; lastKnownFileType = sourcecode.swift; path = Persistence.swift; sourceTree = "<group>"; };
		D090CD1C295609CE00B70DC7 /* ChrisMom_Chris_Child.xcdatamodel */ = {isa = PBXFileReference; lastKnownFileType = wrapper.xcdatamodel; path = ChrisMom_Chris_Child.xcdatamodel; sourceTree = "<group>"; };
/* End PBXFileReference section */

/* Begin PBXFrameworksBuildPhase section */
		D090CD0A295609CD00B70DC7 /* Frameworks */ = {
			isa = PBXFrameworksBuildPhase;
			buildActionMask = 2147483647;
			files = (
			);
			runOnlyForDeploymentPostprocessing = 0;
		};
/* End PBXFrameworksBuildPhase section */

/* Begin PBXGroup section */
		D090CD04295609CD00B70DC7 = {
			isa = PBXGroup;
			children = (
				D090CD0F295609CD00B70DC7 /* ChrisMom-Chris Child */,
				D090CD0E295609CD00B70DC7 /* Products */,
			);
			sourceTree = "<group>";
		};
		D090CD0E295609CD00B70DC7 /* Products */ = {
			isa = PBXGroup;
			children = (
				D090CD0D295609CD00B70DC7 /* ChrisMom-Chris Child.app */,
			);
			name = Products;
			sourceTree = "<group>";
		};
		D090CD0F295609CD00B70DC7 /* ChrisMom-Chris Child */ = {
			isa = PBXGroup;
			children = (
				D090CD10295609CD00B70DC7 /* ChrisMom_Chris_ChildApp.swift */,
				D090CD12295609CD00B70DC7 /* ContentView.swift */,
				D090CD14295609CE00B70DC7 /* Assets.xcassets */,
				D090CD19295609CE00B70DC7 /* Persistence.swift */,
				D090CD1B295609CE00B70DC7 /* ChrisMom_Chris_Child.xcdatamodeld */,
				D090CD16295609CE00B70DC7 /* Preview Content */,
			);
			path = "ChrisMom-Chris Child";
			sourceTree = "<group>";
		};
		D090CD16295609CE00B70DC7 /* Preview Content */ = {
			isa = PBXGroup;
			children = (
				D090CD17295609CE00B70DC7 /* Preview Assets.xcassets */,
			);
			path = "Preview Content";
			sourceTree = "<group>";
		};
/* End PBXGroup section */

/* Begin PBXNativeTarget section */
		D090CD0C295609CD00B70DC7 /* ChrisMom-Chris Child */ = {
			isa = PBXNativeTarget;
			buildConfigurationList = D090CD20295609CE00B70DC7 /* Build configuration list for PBXNativeTarget "ChrisMom-Chris Child" */;
			buildPhases = (
				D090CD09295609CD00B70DC7 /* Sources */,
				D090CD0A295609CD00B70DC7 /* Frameworks */,
				D090CD0B295609CD00B70DC7 /* Resources */,
			);
			buildRules = (
			);
			dependencies = (
			);
			name = "ChrisMom-Chris Child";
			productName = "ChrisMom-Chris Child";
			productReference = D090CD0D295609CD00B70DC7 /* ChrisMom-Chris Child.app */;
			productType = "com.apple.product-type.application";
		};
/* End PBXNativeTarget section */

/* Begin PBXProject section */
		D090CD05295609CD00B70DC7 /* Project object */ = {
			isa = PBXProject;
			attributes = {
				BuildIndependentTargetsInParallel = 1;
				LastSwiftUpdateCheck = 1420;
				LastUpgradeCheck = 1420;
				TargetAttributes = {
					D090CD0C295609CD00B70DC7 = {
						CreatedOnToolsVersion = 14.2;
					};
				};
			};
			buildConfigurationList = D090CD08295609CD00B70DC7 /* Build configuration list for PBXProject "ChrisMom-Chris Child" */;
			compatibilityVersion = "Xcode 14.0";
			developmentRegion = en;
			hasScannedForEncodings = 0;
			knownRegions = (
				en,
				Base,
			);
			mainGroup = D090CD04295609CD00B70DC7;
			productRefGroup = D090CD0E295609CD00B70DC7 /* Products */;
			projectDirPath = "";
			projectRoot = "";
			targets = (
				D090CD0C295609CD00B70DC7 /* ChrisMom-Chris Child */,
			);
		};
/* End PBXProject section */

/* Begin PBXResourcesBuildPhase section */
		D090CD0B295609CD00B70DC7 /* Resources */ = {
			isa = PBXResourcesBuildPhase;
			buildActionMask = 2147483647;
			files = (
				D090CD18295609CE00B70DC7 /* Preview Assets.xcassets in Resources */,
				D090CD15295609CE00B70DC7 /* Assets.xcassets in Resources */,
			);
			runOnlyForDeploymentPostprocessing = 0;
		};
/* End PBXResourcesBuildPhase section */

/* Begin PBXSourcesBuildPhase section */
		D090CD09295609CD00B70DC7 /* Sources */ = {
			isa = PBXSourcesBuildPhase;
			buildActionMask = 2147483647;
			files = (
				D090CD1A295609CE00B70DC7 /* Persistence.swift in Sources */,
				D090CD13295609CD00B70DC7 /* ContentView.swift in Sources */,
				D090CD1D295609CE00B70DC7 /* ChrisMom_Chris_Child.xcdatamodeld in Sources */,
				D090CD11295609CD00B70DC7 /* ChrisMom_Chris_ChildApp.swift in Sources */,
			);
			runOnlyForDeploymentPostprocessing = 0;
		};
/* End PBXSourcesBuildPhase section */

/* Begin XCBuildConfiguration section */
		D090CD1E295609CE00B70DC7 /* Debug */ = {
			isa = XCBuildConfiguration;
			buildSettings = {
				ALWAYS_SEARCH_USER_PATHS = NO;
				CLANG_ANALYZER_NONNULL = YES;
				CLANG_ANALYZER_NUMBER_OBJECT_CONVERSION = YES_AGGRESSIVE;
				CLANG_CXX_LANGUAGE_STANDARD = "gnu++20";
				CLANG_ENABLE_MODULES = YES;
				CLANG_ENABLE_OBJC_ARC = YES;
				CLANG_ENABLE_OBJC_WEAK = YES;
				CLANG_WARN_BLOCK_CAPTURE_AUTORELEASING = YES;
				CLANG_WARN_BOOL_CONVERSION = YES;
				CLANG_WARN_COMMA = YES;
				CLANG_WARN_CONSTANT_CONVERSION = YES;
				CLANG_WARN_DEPRECATED_OBJC_IMPLEMENTATIONS = YES;
				CLANG_WARN_DIRECT_OBJC_ISA_USAGE = YES_ERROR;
				CLANG_WARN_DOCUMENTATION_COMMENTS = YES;
				CLANG_WARN_EMPTY_BODY = YES;
				CLANG_WARN_ENUM_CONVERSION = YES;
				CLANG_WARN_INFINITE_RECURSION = YES;
				CLANG_WARN_INT_CONVERSION = YES;
				CLANG_WARN_NON_LITERAL_NULL_CONVERSION = YES;
				CLANG_WARN_OBJC_IMPLICIT_RETAIN_SELF = YES;
				CLANG_WARN_OBJC_LITERAL_CONVERSION = YES;
				CLANG_WARN_OBJC_ROOT_CLASS = YES_ERROR;
				CLANG_WARN_QUOTED_INCLUDE_IN_FRAMEWORK_HEADER = YES;
				CLANG_WARN_RANGE_LOOP_ANALYSIS = YES;
				CLANG_WARN_STRICT_PROTOTYPES = YES;
				CLANG_WARN_SUSPICIOUS_MOVE = YES;
				CLANG_WARN_UNGUARDED_AVAILABILITY = YES_AGGRESSIVE;
				CLANG_WARN_UNREACHABLE_CODE = YES;
				CLANG_WARN__DUPLICATE_METHOD_MATCH = YES;
				COPY_PHASE_STRIP = NO;
				DEBUG_INFORMATION_FORMAT = dwarf;
				ENABLE_STRICT_OBJC_MSGSEND = YES;
				ENABLE_TESTABILITY = YES;
				GCC_C_LANGUAGE_STANDARD = gnu11;
				GCC_DYNAMIC_NO_PIC = NO;
				GCC_NO_COMMON_BLOCKS = YES;
				GCC_OPTIMIZATION_LEVEL = 0;
				GCC_PREPROCESSOR_DEFINITIONS = (
					"DEBUG=1",
					"$(inherited)",
				);
				GCC_WARN_64_TO_32_BIT_CONVERSION = YES;
				GCC_WARN_ABOUT_RETURN_TYPE = YES_ERROR;
				GCC_WARN_UNDECLARED_SELECTOR = YES;
				GCC_WARN_UNINITIALIZED_AUTOS = YES_AGGRESSIVE;
				GCC_WARN_UNUSED_FUNCTION = YES;
				GCC_WARN_UNUSED_VARIABLE = YES;
				IPHONEOS_DEPLOYMENT_TARGET = 16.2;
				MTL_ENABLE_DEBUG_INFO = INCLUDE_SOURCE;
				MTL_FAST_MATH = YES;
				ONLY_ACTIVE_ARCH = YES;
				SDKROOT = iphoneos;
				SWIFT_ACTIVE_COMPILATION_CONDITIONS = DEBUG;
				SWIFT_OPTIMIZATION_LEVEL = "-Onone";
			};
			name = Debug;
		};
		D090CD1F295609CE00B70DC7 /* Release */ = {
			isa = XCBuildConfiguration;
			buildSettings = {
				ALWAYS_SEARCH_USER_PATHS = NO;
				CLANG_ANALYZER_NONNULL = YES;
				CLANG_ANALYZER_NUMBER_OBJECT_CONVERSION = YES_AGGRESSIVE;
				CLANG_CXX_LANGUAGE_STANDARD = "gnu++20";
				CLANG_ENABLE_MODULES = YES;
				CLANG_ENABLE_OBJC_ARC = YES;
				CLANG_ENABLE_OBJC_WEAK = YES;
				CLANG_WARN_BLOCK_CAPTURE_AUTORELEASING = YES;
				CLANG_WARN_BOOL_CONVERSION = YES;
				CLANG_WARN_COMMA = YES;
				CLANG_WARN_CONSTANT_CONVERSION = YES;
				CLANG_WARN_DEPRECATED_OBJC_IMPLEMENTATIONS = YES;
				CLANG_WARN_DIRECT_OBJC_ISA_USAGE = YES_ERROR;
				CLANG_WARN_DOCUMENTATION_COMMENTS = YES;
				CLANG_WARN_EMPTY_BODY = YES;
				CLANG_WARN_ENUM_CONVERSION = YES;
				CLANG_WARN_INFINITE_RECURSION = YES;
				CLANG_WARN_INT_CONVERSION = YES;
				CLANG_WARN_NON_LITERAL_NULL_CONVERSION = YES;
				CLANG_WARN_OBJC_IMPLICIT_RETAIN_SELF = YES;
				CLANG_WARN_OBJC_LITERAL_CONVERSION = YES;
				CLANG_WARN_OBJC_ROOT_CLASS = YES_ERROR;
				CLANG_WARN_QUOTED_INCLUDE_IN_FRAMEWORK_HEADER = YES;
				CLANG_WARN_RANGE_LOOP_ANALYSIS = YES;
				CLANG_WARN_STRICT_PROTOTYPES = YES;
				CLANG_WARN_SUSPICIOUS_MOVE = YES;
				CLANG_WARN_UNGUARDED_AVAILABILITY = YES_AGGRESSIVE;
				CLANG_WARN_UNREACHABLE_CODE = YES;
				CLANG_WARN__DUPLICATE_METHOD_MATCH = YES;
				COPY_PHASE_STRIP = NO;
				DEBUG_INFORMATION_FORMAT = "dwarf-with-dsym";
				ENABLE_NS_ASSERTIONS = NO;
				ENABLE_STRICT_OBJC_MSGSEND = YES;
				GCC_C_LANGUAGE_STANDARD = gnu11;
				GCC_NO_COMMON_BLOCKS = YES;
				GCC_WARN_64_TO_32_BIT_CONVERSION = YES;
				GCC_WARN_ABOUT_RETURN_TYPE = YES_ERROR;
				GCC_WARN_UNDECLARED_SELECTOR = YES;
				GCC_WARN_UNINITIALIZED_AUTOS = YES_AGGRESSIVE;
				GCC_WARN_UNUSED_FUNCTION = YES;
				GCC_WARN_UNUSED_VARIABLE = YES;
				IPHONEOS_DEPLOYMENT_TARGET = 16.2;
				MTL_ENABLE_DEBUG_INFO = NO;
				MTL_FAST_MATH = YES;
				SDKROOT = iphoneos;
				SWIFT_COMPILATION_MODE = wholemodule;
				SWIFT_OPTIMIZATION_LEVEL = "-O";
				VALIDATE_PRODUCT = YES;
			};
			name = Release;
		};
		D090CD21295609CE00B70DC7 /* Debug */ = {
			isa = XCBuildConfiguration;
			buildSettings = {
				ASSETCATALOG_COMPILER_APPICON_NAME = AppIcon;
				ASSETCATALOG_COMPILER_GLOBAL_ACCENT_COLOR_NAME = AccentColor;
				CODE_SIGN_STYLE = Automatic;
				CURRENT_PROJECT_VERSION = 1;
				DEVELOPMENT_ASSET_PATHS = "\"ChrisMom-Chris Child/Preview Content\"";
				DEVELOPMENT_TEAM = FK46LLGFK4;
				ENABLE_PREVIEWS = YES;
				GENERATE_INFOPLIST_FILE = YES;
				INFOPLIST_KEY_UIApplicationSceneManifest_Generation = YES;
				INFOPLIST_KEY_UIApplicationSupportsIndirectInputEvents = YES;
				INFOPLIST_KEY_UILaunchScreen_Generation = YES;
				INFOPLIST_KEY_UISupportedInterfaceOrientations_iPad = "UIInterfaceOrientationPortrait UIInterfaceOrientationPortraitUpsideDown UIInterfaceOrientationLandscapeLeft UIInterfaceOrientationLandscapeRight";
				INFOPLIST_KEY_UISupportedInterfaceOrientations_iPhone = "UIInterfaceOrientationPortrait UIInterfaceOrientationLandscapeLeft UIInterfaceOrientationLandscapeRight";
				LD_RUNPATH_SEARCH_PATHS = (
					"$(inherited)",
					"@executable_path/Frameworks",
				);
				MARKETING_VERSION = 1.0;
				PRODUCT_BUNDLE_IDENTIFIER = "com.kesavan.ChrisMom-Chris-Child";
				PRODUCT_NAME = "$(TARGET_NAME)";
				SWIFT_EMIT_LOC_STRINGS = YES;
				SWIFT_VERSION = 5.0;
				TARGETED_DEVICE_FAMILY = "1,2";
			};
			name = Debug;
		};
		D090CD22295609CE00B70DC7 /* Release */ = {
			isa = XCBuildConfiguration;
			buildSettings = {
				ASSETCATALOG_COMPILER_APPICON_NAME = AppIcon;
				ASSETCATALOG_COMPILER_GLOBAL_ACCENT_COLOR_NAME = AccentColor;
				CODE_SIGN_STYLE = Automatic;
				CURRENT_PROJECT_VERSION = 1;
				DEVELOPMENT_ASSET_PATHS = "\"ChrisMom-Chris Child/Preview Content\"";
				DEVELOPMENT_TEAM = FK46LLGFK4;
				ENABLE_PREVIEWS = YES;
				GENERATE_INFOPLIST_FILE = YES;
				INFOPLIST_KEY_UIApplicationSceneManifest_Generation = YES;
				INFOPLIST_KEY_UIApplicationSupportsIndirectInputEvents = YES;
				INFOPLIST_KEY_UILaunchScreen_Generation = YES;
				INFOPLIST_KEY_UISupportedInterfaceOrientations_iPad = "UIInterfaceOrientationPortrait UIInterfaceOrientationPortraitUpsideDown UIInterfaceOrientationLandscapeLeft UIInterfaceOrientationLandscapeRight";
				INFOPLIST_KEY_UISupportedInterfaceOrientations_iPhone = "UIInterfaceOrientationPortrait UIInterfaceOrientationLandscapeLeft UIInterfaceOrientationLandscapeRight";
				LD_RUNPATH_SEARCH_PATHS = (
					"$(inherited)",
					"@executable_path/Frameworks",
				);
				MARKETING_VERSION = 1.0;
				PRODUCT_BUNDLE_IDENTIFIER = "com.kesavan.ChrisMom-Chris-Child";
				PRODUCT_NAME = "$(TARGET_NAME)";
				SWIFT_EMIT_LOC_STRINGS = YES;
				SWIFT_VERSION = 5.0;
				TARGETED_DEVICE_FAMILY = "1,2";
			};
			name = Release;
		};
/* End XCBuildConfiguration section */

/* Begin XCConfigurationList section */
		D090CD08295609CD00B70DC7 /* Build configuration list for PBXProject "ChrisMom-Chris Child" */ = {
			isa = XCConfigurationList;
			buildConfigurations = (
				D090CD1E295609CE00B70DC7 /* Debug */,
				D090CD1F295609CE00B70DC7 /* Release */,
			);
			defaultConfigurationIsVisible = 0;
			defaultConfigurationName = Release;
		};
		D090CD20295609CE00B70DC7 /* Build configuration list for PBXNativeTarget "ChrisMom-Chris Child" */ = {
			isa = XCConfigurationList;
			buildConfigurations = (
				D090CD21295609CE00B70DC7 /* Debug */,
				D090CD22295609CE00B70DC7 /* Release */,
			);
			defaultConfigurationIsVisible = 0;
			defaultConfigurationName = Release;
		};
/* End XCConfigurationList section */

/* Begin XCVersionGroup section */
		D090CD1B295609CE00B70DC7 /* ChrisMom_Chris_Child.xcdatamodeld */ = {
			isa = XCVersionGroup;
			children = (
				D090CD1C295609CE00B70DC7 /* ChrisMom_Chris_Child.xcdatamodel */,
			);
			currentVersion = D090CD1C295609CE00B70DC7 /* ChrisMom_Chris_Child.xcdatamodel */;
			path = ChrisMom_Chris_Child.xcdatamodeld;
			sourceTree = "<group>";
			versionGroupType = wrapper.xcdatamodel;
		};
/* End XCVersionGroup section */
	};
	rootObject = D090CD05295609CD00B70DC7 /* Project object */;
}
